
Microsoft Visual Studio Solution File, Format Version 12.00
# Visual Studio 2013
VisualStudioVersion = 12.0.21005.1
MinimumVisualStudioVersion = 10.0.40219.1
Project("{E24C65DC-7377-472B-9ABA-BC803B73C61A}") = "VitalityCapital_Website", "http://localhost:52264", "{C01C2774-C8BC-4FF7-A530-EB84A88F59C5}"
	ProjectSection(WebsiteProperties) = preProject
		UseIISExpress = "true"
		TargetFrameworkMoniker = ".NETFramework,Version%3Dv4.5"
		Debug.AspNetCompiler.VirtualPath = "/localhost_52264"
		Debug.AspNetCompiler.PhysicalPath = "S:\VitalityCapital_Website\"
		Debug.AspNetCompiler.TargetPath = "PrecompiledWeb\localhost_52264\"
		Debug.AspNetCompiler.Updateable = "true"
		Debug.AspNetCompiler.ForceOverwrite = "true"
		Debug.AspNetCompiler.FixedNames = "false"
		Debug.AspNetCompiler.Debug = "True"
		Release.AspNetCompiler.VirtualPath = "/localhost_52264"
		Release.AspNetCompiler.PhysicalPath = "S:\VitalityCapital_Website\"
		Release.AspNetCompiler.TargetPath = "PrecompiledWeb\localhost_52264\"
		Release.AspNetCompiler.Updateable = "true"
		Release.AspNetCompiler.ForceOverwrite = "true"
		Release.AspNetCompiler.FixedNames = "false"
		Release.AspNetCompiler.Debug = "False"
		SlnRelativePath = "S:\VitalityCapital_Website\"
		DefaultWebSiteLanguage = "Visual C#"
	EndProjectSection
EndProject
Global
	GlobalSection(SolutionConfigurationPlatforms) = preSolution
		Debug|Any CPU = Debug|Any CPU
	EndGlobalSection
	GlobalSection(ProjectConfigurationPlatforms) = postSolution
		{C01C2774-C8BC-4FF7-A530-EB84A88F59C5}.Debug|Any CPU.ActiveCfg = Debug|Any CPU
		{C01C2774-C8BC-4FF7-A530-EB84A88F59C5}.Debug|Any CPU.Build.0 = Debug|Any CPU
	EndGlobalSection
	GlobalSection(SolutionProperties) = preSolution
		HideSolutionNode = FALSE
	EndGlobalSection
EndGlobal
